
Microsoft Visual Studio Solution File, Format Version 12.00
# Visual Studio Version 17
VisualStudioVersion = 17.2.32630.192
MinimumVisualStudioVersion = 10.0.40219.1
Project("{9A19103F-16F7-4668-BE54-9A1E7A4F7556}") = "F10Y.T0004.Construction", "F10Y.T0004.Construction\F10Y.T0004.Construction.csproj", "{59F1B85B-66D9-40BD-AB91-10C9141D3368}"
EndProject
Project("{9A19103F-16F7-4668-BE54-9A1E7A4F7556}") = "F10Y.T0004", "F10Y.T0004\F10Y.T0004.csproj", "{C2EA68B0-BA30-4C32-B023-BE034C25C35F}"
EndProject
Global
	GlobalSection(SolutionConfigurationPlatforms) = preSolution
		Debug|Any CPU = Debug|Any CPU
		Release|Any CPU = Release|Any CPU
	EndGlobalSection
	GlobalSection(ProjectConfigurationPlatforms) = postSolution
		{59F1B85B-66D9-40BD-AB91-10C9141D3368}.Debug|Any CPU.ActiveCfg = Debug|Any CPU
		{59F1B85B-66D9-40BD-AB91-10C9141D3368}.Debug|Any CPU.Build.0 = Debug|Any CPU
		{59F1B85B-66D9-40BD-AB91-10C9141D3368}.Release|Any CPU.ActiveCfg = Release|Any CPU
		{59F1B85B-66D9-40BD-AB91-10C9141D3368}.Release|Any CPU.Build.0 = Release|Any CPU
		{C2EA68B0-BA30-4C32-B023-BE034C25C35F}.Debug|Any CPU.ActiveCfg = Debug|Any CPU
		{C2EA68B0-BA30-4C32-B023-BE034C25C35F}.Debug|Any CPU.Build.0 = Debug|Any CPU
		{C2EA68B0-BA30-4C32-B023-BE034C25C35F}.Release|Any CPU.ActiveCfg = Release|Any CPU
		{C2EA68B0-BA30-4C32-B023-BE034C25C35F}.Release|Any CPU.Build.0 = Release|Any CPU
	EndGlobalSection
	GlobalSection(SolutionProperties) = preSolution
		HideSolutionNode = FALSE
	EndGlobalSection
	GlobalSection(ExtensibilityGlobals) = postSolution
		SolutionGuid = {2B2DF0AC-92EE-45DF-81C7-8F10D0CB5452}
	EndGlobalSection
EndGlobal
